
Microsoft Visual Studio Solution File, Format Version 12.00
# Visual Studio Version 17
VisualStudioVersion = 17.11.35303.130
MinimumVisualStudioVersion = 10.0.40219.1
Project("{FAE04EC0-301F-11D3-BF4B-00C04F79EFBC}") = "Week3Exercises", "Week3Exercises.csproj", "{BC7310BC-708D-4333-876D-790A310A95AE}"
EndProject
Global
	GlobalSection(SolutionConfigurationPlatforms) = preSolution
		Debug|Any CPU = Debug|Any CPU
		Release|Any CPU = Release|Any CPU
	EndGlobalSection
	GlobalSection(ProjectConfigurationPlatforms) = postSolution
		{BC7310BC-708D-4333-876D-790A310A95AE}.Debug|Any CPU.ActiveCfg = Debug|Any CPU
		{BC7310BC-708D-4333-876D-790A310A95AE}.Debug|Any CPU.Build.0 = Debug|Any CPU
		{BC7310BC-708D-4333-876D-790A310A95AE}.Release|Any CPU.ActiveCfg = Release|Any CPU
		{BC7310BC-708D-4333-876D-790A310A95AE}.Release|Any CPU.Build.0 = Release|Any CPU
	EndGlobalSection
	GlobalSection(SolutionProperties) = preSolution
		HideSolutionNode = FALSE
	EndGlobalSection
	GlobalSection(ExtensibilityGlobals) = postSolution
		SolutionGuid = {7856A8FF-C547-4BC6-8D76-59ADACE03972}
	EndGlobalSection
EndGlobal
